
Microsoft Visual Studio Solution File, Format Version 12.00
# Visual Studio Version 17
VisualStudioVersion = 17.8.34601.278
MinimumVisualStudioVersion = 10.0.40219.1
Project("{FAE04EC0-301F-11D3-BF4B-00C04F79EFBC}") = "ONStudy.MVC", "ONStudy.MVC\ONStudy.MVC.csproj", "{1D2CBC52-A018-414D-85E1-1247EEC12694}"
EndProject
Global
	GlobalSection(SolutionConfigurationPlatforms) = preSolution
		Debug|Any CPU = Debug|Any CPU
		Release|Any CPU = Release|Any CPU
	EndGlobalSection
	GlobalSection(ProjectConfigurationPlatforms) = postSolution
		{1D2CBC52-A018-414D-85E1-1247EEC12694}.Debug|Any CPU.ActiveCfg = Debug|Any CPU
		{1D2CBC52-A018-414D-85E1-1247EEC12694}.Debug|Any CPU.Build.0 = Debug|Any CPU
		{1D2CBC52-A018-414D-85E1-1247EEC12694}.Release|Any CPU.ActiveCfg = Release|Any CPU
		{1D2CBC52-A018-414D-85E1-1247EEC12694}.Release|Any CPU.Build.0 = Release|Any CPU
	EndGlobalSection
	GlobalSection(SolutionProperties) = preSolution
		HideSolutionNode = FALSE
	EndGlobalSection
	GlobalSection(ExtensibilityGlobals) = postSolution
		SolutionGuid = {32B8FF26-47B4-4D2E-9BB2-8F21E7535391}
	EndGlobalSection
EndGlobal
